
Microsoft Visual Studio Solution File, Format Version 12.00
# Visual Studio Version 17
VisualStudioVersion = 17.9.34701.34
MinimumVisualStudioVersion = 10.0.40219.1
Project("{FAE04EC0-301F-11D3-BF4B-00C04F79EFBC}") = "gerenciamento", "gerenciamento\gerenciamento.csproj", "{4AD60B76-4A87-428C-8B6E-69BACC877D46}"
EndProject
Global
	GlobalSection(SolutionConfigurationPlatforms) = preSolution
		Debug|Any CPU = Debug|Any CPU
		Release|Any CPU = Release|Any CPU
	EndGlobalSection
	GlobalSection(ProjectConfigurationPlatforms) = postSolution
		{4AD60B76-4A87-428C-8B6E-69BACC877D46}.Debug|Any CPU.ActiveCfg = Debug|Any CPU
		{4AD60B76-4A87-428C-8B6E-69BACC877D46}.Debug|Any CPU.Build.0 = Debug|Any CPU
		{4AD60B76-4A87-428C-8B6E-69BACC877D46}.Release|Any CPU.ActiveCfg = Release|Any CPU
		{4AD60B76-4A87-428C-8B6E-69BACC877D46}.Release|Any CPU.Build.0 = Release|Any CPU
	EndGlobalSection
	GlobalSection(SolutionProperties) = preSolution
		HideSolutionNode = FALSE
	EndGlobalSection
	GlobalSection(ExtensibilityGlobals) = postSolution
		SolutionGuid = {C9108D29-0657-4273-B38D-28A8D52D77B7}
	EndGlobalSection
EndGlobal
